
Microsoft Visual Studio Solution File, Format Version 12.00
# Visual Studio Version 17
VisualStudioVersion = 17.11.35327.3
MinimumVisualStudioVersion = 10.0.40219.1
Project("{FAE04EC0-301F-11D3-BF4B-00C04F79EFBC}") = "SocialMediaAPI23Okt", "SocialMediaAPI23Okt.csproj", "{5F9FFAEA-FDC0-4F7D-8200-F1DC2953E064}"
EndProject
Global
	GlobalSection(SolutionConfigurationPlatforms) = preSolution
		Debug|Any CPU = Debug|Any CPU
		Release|Any CPU = Release|Any CPU
	EndGlobalSection
	GlobalSection(ProjectConfigurationPlatforms) = postSolution
		{5F9FFAEA-FDC0-4F7D-8200-F1DC2953E064}.Debug|Any CPU.ActiveCfg = Debug|Any CPU
		{5F9FFAEA-FDC0-4F7D-8200-F1DC2953E064}.Debug|Any CPU.Build.0 = Debug|Any CPU
		{5F9FFAEA-FDC0-4F7D-8200-F1DC2953E064}.Release|Any CPU.ActiveCfg = Release|Any CPU
		{5F9FFAEA-FDC0-4F7D-8200-F1DC2953E064}.Release|Any CPU.Build.0 = Release|Any CPU
	EndGlobalSection
	GlobalSection(SolutionProperties) = preSolution
		HideSolutionNode = FALSE
	EndGlobalSection
	GlobalSection(ExtensibilityGlobals) = postSolution
		SolutionGuid = {ED55EE9C-3BE4-4074-B06B-26F0E6BBFAAD}
	EndGlobalSection
EndGlobal
